# This file is automatically @generated by Poetry 1.8.3 and should not be changed by hand.

[[package]]
name = "ftfy"
version = "6.2.0"
description = "Fixes mojibake and other problems with Unicode, after the fact"
optional = false
python-versions = ">=3.8,<4"
files = [
    {file = "ftfy-6.2.0-py3-none-any.whl", hash = "sha256:f94a2c34b76e07475720e3096f5ca80911d152406fbde66fdb45c4d0c9150026"},
    {file = "ftfy-6.2.0.tar.gz", hash = "sha256:5e42143c7025ef97944ca2619d6b61b0619fc6654f98771d39e862c1424c75c0"},
]

[package.dependencies]
wcwidth = ">=0.2.12,<0.3.0"

[[package]]
name = "wcwidth"
version = "0.2.13"
description = "Measures the displayed width of unicode strings in a terminal"
optional = false
python-versions = "*"
files = [
    {file = "wcwidth-0.2.13-py2.py3-none-any.whl", hash = "sha256:3da69048e4540d84af32131829ff948f1e022c1c6bdb8d6102117aac784f6859"},
    {file = "wcwidth-0.2.13.tar.gz", hash = "sha256:72ea0c06399eb286d978fdedb6923a9eb47e1c486ce63e9b4e64fc18303972b5"},
]

[metadata]
lock-version = "2.0"
python-versions = "^3.8"
content-hash = "4d08a3428d8191fa078311d6507e4a1a7f37f3cd6bee7a3d237296b27f9e27fb"
